
Microsoft Visual Studio Solution File, Format Version 12.00
# Visual Studio Version 16
VisualStudioVersion = 16.0.30611.23
MinimumVisualStudioVersion = 10.0.40219.1
Project("{FAE04EC0-301F-11D3-BF4B-00C04F79EFBC}") = "PairProgramingGame", "PairProgramingGame\PairProgramingGame.csproj", "{2CBCDE64-4064-413E-99B6-94884AE1CA3C}"
EndProject
Global
	GlobalSection(SolutionConfigurationPlatforms) = preSolution
		Debug|Any CPU = Debug|Any CPU
		Release|Any CPU = Release|Any CPU
	EndGlobalSection
	GlobalSection(ProjectConfigurationPlatforms) = postSolution
		{2CBCDE64-4064-413E-99B6-94884AE1CA3C}.Debug|Any CPU.ActiveCfg = Debug|Any CPU
		{2CBCDE64-4064-413E-99B6-94884AE1CA3C}.Debug|Any CPU.Build.0 = Debug|Any CPU
		{2CBCDE64-4064-413E-99B6-94884AE1CA3C}.Release|Any CPU.ActiveCfg = Release|Any CPU
		{2CBCDE64-4064-413E-99B6-94884AE1CA3C}.Release|Any CPU.Build.0 = Release|Any CPU
	EndGlobalSection
	GlobalSection(SolutionProperties) = preSolution
		HideSolutionNode = FALSE
	EndGlobalSection
	GlobalSection(ExtensibilityGlobals) = postSolution
		SolutionGuid = {A8BE0B5E-5DB4-4D81-BC9C-0454CDBC2625}
	EndGlobalSection
EndGlobal
